# @generated - this file is auto-generated by `mise lock` https://mise.jdx.dev/dev-tools/mise-lock.html

lockfile_version = 1

[[tools.cargo-binstall]]
version = "1.21.0"
backend = "aqua:cargo-bins/cargo-binstall"
specifiers = ["latest"]

[tools.cargo-binstall."platforms.linux-x64"]
checksum = "sha256:a753a83ea4c79a629790e003822d4e82bec5bf839120f1826969c2401bd9f559"
url = "https://github.com/cargo-bins/cargo-binstall/releases/download/v1.21.0/cargo-binstall-x86_64-unknown-linux-gnu.tgz"
url_api = "https://api.github.com/repos/cargo-bins/cargo-binstall/releases/assets/476612775"
provenance = "github-attestations"

[[tools.fnox]]
version = "1.31.1"
backend = "github:jdx/fnox"
specifiers = ["latest"]

[tools.fnox."platforms.linux-x64"]
checksum = "sha256:f87808cb1b5db2382daf244ced84f342ab01352654df2f50faa1cd1565941102"
url = "https://github.com/jdx/fnox/releases/download/v1.31.1/fnox-x86_64-unknown-linux-gnu.tar.gz"
url_api = "https://api.github.com/repos/jdx/fnox/releases/assets/488427453"
provenance = "github-attestations"
provenance_verified = true

[[tools.git-cliff]]
version = "2.12.0"
backend = "aqua:orhun/git-cliff"
specifiers = ["latest"]

[tools.git-cliff."platforms.linux-x64"]
checksum = "sha256:6241bd23554daf527ca8ff0dc475a272b0155bede8a000e7a9d74b771036a7bd"
url = "https://github.com/orhun/git-cliff/releases/download/v2.12.0/git-cliff-2.12.0-x86_64-unknown-linux-gnu.tar.gz"
url_api = "https://api.github.com/repos/orhun/git-cliff/releases/assets/343377955"

[[tools.node]]
version = "24.19.0"
backend = "core:node"
specifiers = ["24"]

[tools.node."platforms.linux-x64"]
checksum = "sha256:f625d97cd707df4ff96254916fbc5ff014f09c09effe5a1e0ca8f6d41a8789d4"
url = "https://nodejs.org/dist/v24.19.0/node-v24.19.0-linux-x64.tar.gz"

[[tools."npm:pnpm"]]
version = "next-12"
backend = "npm:pnpm"
specifiers = ["next-12"]

[tools."npm:pnpm".options]
allow_builds = "true"

[[tools.pnpm]]
version = "11.25.0"
backend = "aqua:pnpm/pnpm"
specifiers = ["latest"]

[tools.pnpm."platforms.linux-x64"]
checksum = "sha256:11caeed8b581d460638f836f10f6ead19cbf08d774a5b8e502628b20ebf3ac43"
url = "https://github.com/pnpm/pnpm/releases/download/v11.25.0/pnpm-linux-x64.tar.gz"
url_api = "https://api.github.com/repos/pnpm/pnpm/releases/assets/535298945"
provenance = "github-attestations"

[[tools.rust]]
version = "stable"
backend = "core:rust"
specifiers = ["stable"]

[tools.rust.options]
components = "clippy,rustfmt"

[[tools.sccache]]
version = "0.17.0"
backend = "aqua:mozilla/sccache"
specifiers = ["latest"]

[tools.sccache."platforms.linux-x64"]
checksum = "sha256:67c4a96dd237c1f518f6b36083f270f9976d516f1e57fce891755ea782e50006"
url = "https://github.com/mozilla/sccache/releases/download/v0.17.0/sccache-v0.17.0-x86_64-unknown-linux-musl.tar.gz"
url_api = "https://api.github.com/repos/mozilla/sccache/releases/assets/493679099"
