# @generated - this file is auto-generated by `mise lock` https://mise.jdx.dev/dev-tools/mise-lock.html

lockfile_version = 1

[[tools."cargo:cargo-edit"]]
version = "0.13.13"
backend = "cargo:cargo-edit"
specifiers = ["latest"]

[[tools.fnox]]
version = "1.31.1"
backend = "github:jdx/fnox"
specifiers = ["latest"]
